{
  "pins" : [
    {
      "identity" : "nexasdk-mobile-ios-framework",
      "kind" : "remoteSourceControl",
      "location" : "git@github.com:NexaAI/nexasdk-mobile-iOS-framework.git",
      "state" : {
        "branch" : "main",
        "revision" : "ea30eb926a191495e9c084b302c35f1a2a21899d"
      }
    }
  ],
  "version" : 2
}
