{
  "originHash" : "b2becbcc0254795d9a140b56614e328e9054fc0127630faeab494795dc5b48bf",
  "pins" : [
    {
      "identity" : "llama.cpp",
      "kind" : "remoteSourceControl",
      "location" : "https://github.com/ggerganov/llama.cpp.git",
      "state" : {
        "branch" : "master",
        "revision" : "96b69121033d2b6b951d1b6b1b43f8b4f97dac99"
      }
    }
  ],
  "version" : 3
}
